
Microsoft Visual Studio Solution File, Format Version 12.00
# Visual Studio Version 16
VisualStudioVersion = 16.0.31515.178
MinimumVisualStudioVersion = 10.0.40219.1
Project("{9A19103F-16F7-4668-BE54-9A1E7A4F7556}") = "dosymep.Revit.Journaling", "dosymep.Revit.Journaling\dosymep.Revit.Journaling.csproj", "{EF3EB37B-5A02-4A0B-A16D-B7FDEE9955FB}"
EndProject
Project("{2150E333-8FDC-42A3-9474-1A3956D46DE8}") = "Solution Items", "Solution Items", "{2A1ACA7A-A2DA-4F39-84D2-F90FCED09FBC}"
	ProjectSection(SolutionItems) = preProject
		.editorconfig = .editorconfig
		CONTRIBUTING.md = CONTRIBUTING.md
		CREDITS.md = CREDITS.md
		LICENSE.md = LICENSE.md
		README.md = README.md
	EndProjectSection
EndProject
Project("{FAE04EC0-301F-11D3-BF4B-00C04F79EFBC}") = "dosymep.Revit.Journaling.Tests", "dosymep.Revit.Journaling.Tests\dosymep.Revit.Journaling.Tests.csproj", "{44E978CD-2A21-4403-9ECB-4F6305472485}"
EndProject
Global
	GlobalSection(SolutionConfigurationPlatforms) = preSolution
		Debug|Any CPU = Debug|Any CPU
		Release|Any CPU = Release|Any CPU
	EndGlobalSection
	GlobalSection(ProjectConfigurationPlatforms) = postSolution
		{EF3EB37B-5A02-4A0B-A16D-B7FDEE9955FB}.Debug|Any CPU.ActiveCfg = Debug|Any CPU
		{EF3EB37B-5A02-4A0B-A16D-B7FDEE9955FB}.Debug|Any CPU.Build.0 = Debug|Any CPU
		{EF3EB37B-5A02-4A0B-A16D-B7FDEE9955FB}.Release|Any CPU.ActiveCfg = Release|Any CPU
		{EF3EB37B-5A02-4A0B-A16D-B7FDEE9955FB}.Release|Any CPU.Build.0 = Release|Any CPU
		{44E978CD-2A21-4403-9ECB-4F6305472485}.Debug|Any CPU.ActiveCfg = Debug|Any CPU
		{44E978CD-2A21-4403-9ECB-4F6305472485}.Debug|Any CPU.Build.0 = Debug|Any CPU
		{44E978CD-2A21-4403-9ECB-4F6305472485}.Release|Any CPU.ActiveCfg = Release|Any CPU
		{44E978CD-2A21-4403-9ECB-4F6305472485}.Release|Any CPU.Build.0 = Release|Any CPU
	EndGlobalSection
	GlobalSection(SolutionProperties) = preSolution
		HideSolutionNode = FALSE
	EndGlobalSection
	GlobalSection(ExtensibilityGlobals) = postSolution
		SolutionGuid = {0931DED7-84C6-41DB-84C6-94A2A16EA0E4}
	EndGlobalSection
EndGlobal
