<Solution>
  <Folder Name="/Tests/">
    <Project Path="tests/dosymep.Revit.FileInfo.Tests/dosymep.Revit.FileInfo.Tests.csproj" />
    <Project Path="tests/dosymep.Revit.Journaling.Tests/dosymep.Revit.Journaling.Tests.csproj" />
    <Project Path="tests/dosymep.Revit.ServerClient.Tests/dosymep.Revit.ServerClient.Tests.csproj" />
  </Folder>
  <Project Path="src/dosymep.AutodeskApps.FileInfo/dosymep.AutodeskApps.FileInfo.csproj" />
  <Project Path="src/dosymep.AutodeskApps/dosymep.AutodeskApps.csproj" />
  <Project Path="src/dosymep.Navisworks.FileInfo/dosymep.Navisworks.FileInfo.csproj" />
  <Project Path="src/dosymep.Revit.FileInfo/dosymep.Revit.FileInfo.csproj" />
  <Project Path="src/dosymep.Revit.Journaling/dosymep.Revit.Journaling.csproj" />
  <Project Path="src/dosymep.Revit.ServerClient/dosymep.Revit.ServerClient.csproj" />
</Solution>
